
Microsoft Visual Studio Solution File, Format Version 12.00
# Visual Studio Version 17
VisualStudioVersion = 17.3.32929.385
MinimumVisualStudioVersion = 10.0.40219.1
Project("{FAE04EC0-301F-11D3-BF4B-00C04F79EFBC}") = "hassio-announce", "hassio-announce.csproj", "{02C51A87-85F6-47D8-82AA-E3C8B385C11F}"
EndProject
Global
	GlobalSection(SolutionConfigurationPlatforms) = preSolution
		Debug|Any CPU = Debug|Any CPU
		Release|Any CPU = Release|Any CPU
	EndGlobalSection
	GlobalSection(ProjectConfigurationPlatforms) = postSolution
		{02C51A87-85F6-47D8-82AA-E3C8B385C11F}.Debug|Any CPU.ActiveCfg = Debug|Any CPU
		{02C51A87-85F6-47D8-82AA-E3C8B385C11F}.Debug|Any CPU.Build.0 = Debug|Any CPU
		{02C51A87-85F6-47D8-82AA-E3C8B385C11F}.Release|Any CPU.ActiveCfg = Release|Any CPU
		{02C51A87-85F6-47D8-82AA-E3C8B385C11F}.Release|Any CPU.Build.0 = Release|Any CPU
	EndGlobalSection
	GlobalSection(SolutionProperties) = preSolution
		HideSolutionNode = FALSE
	EndGlobalSection
	GlobalSection(ExtensibilityGlobals) = postSolution
		SolutionGuid = {D68ADBB6-73C1-4927-BCB7-D1C79BE532F4}
	EndGlobalSection
EndGlobal
